
Microsoft Visual Studio Solution File, Format Version 12.00
# Visual Studio Version 17
VisualStudioVersion = 17.10.35027.167
MinimumVisualStudioVersion = 10.0.40219.1
Project("{FAE04EC0-301F-11D3-BF4B-00C04F79EFBC}") = "Template Integration", "Template Integration\Template Integration.csproj", "{57CA232E-2189-4192-93E2-0F752BD8DE0D}"
EndProject
Global
	GlobalSection(SolutionConfigurationPlatforms) = preSolution
		Debug|Any CPU = Debug|Any CPU
		Release|Any CPU = Release|Any CPU
	EndGlobalSection
	GlobalSection(ProjectConfigurationPlatforms) = postSolution
		{57CA232E-2189-4192-93E2-0F752BD8DE0D}.Debug|Any CPU.ActiveCfg = Debug|Any CPU
		{57CA232E-2189-4192-93E2-0F752BD8DE0D}.Debug|Any CPU.Build.0 = Debug|Any CPU
		{57CA232E-2189-4192-93E2-0F752BD8DE0D}.Release|Any CPU.ActiveCfg = Release|Any CPU
		{57CA232E-2189-4192-93E2-0F752BD8DE0D}.Release|Any CPU.Build.0 = Release|Any CPU
	EndGlobalSection
	GlobalSection(SolutionProperties) = preSolution
		HideSolutionNode = FALSE
	EndGlobalSection
	GlobalSection(ExtensibilityGlobals) = postSolution
		SolutionGuid = {77ACC5AD-9CC8-4239-A8CF-09340278C90A}
	EndGlobalSection
EndGlobal
